// !$*UTF8*$!
{
	archiveVersion = 1;
	classes = {
	};
	objectVersion = 50;
	objects = {

/* Begin PBXBuildFile section */
		060DAF2523E9088700C1BD5A /* AppDelegate.swift in Sources */ = {isa = PBXBuildFile; fileRef = 060DAF2423E9088700C1BD5A /* AppDelegate.swift */; };
		060DAF2723E9088700C1BD5A /* SceneDelegate.swift in Sources */ = {isa = PBXBuildFile; fileRef = 060DAF2623E9088700C1BD5A /* SceneDelegate.swift */; };
		060DAF2923E9088700C1BD5A /* ViewController.swift in Sources */ = {isa = PBXBuildFile; fileRef = 060DAF2823E9088700C1BD5A /* ViewController.swift */; };
		060DAF2C23E9088700C1BD5A /* Main.storyboard in Resources */ = {isa = PBXBuildFile; fileRef = 060DAF2A23E9088700C1BD5A /* Main.storyboard */; };
		060DAF2E23E9088B00C1BD5A /* Assets.xcassets in Resources */ = {isa = PBXBuildFile; fileRef = 060DAF2D23E9088B00C1BD5A /* Assets.xcassets */; };
		060DAF3123E9088B00C1BD5A /* LaunchScreen.storyboard in Resources */ = {isa = PBXBuildFile; fileRef = 060DAF2F23E9088B00C1BD5A /* LaunchScreen.storyboard */; };
		060DAF3C23E9088B00C1BD5A /* Homework_attempt_1Tests.swift in Sources */ = {isa = PBXBuildFile; fileRef = 060DAF3B23E9088B00C1BD5A /* Homework_attempt_1Tests.swift */; };
		060DAF4723E9088B00C1BD5A /* Homework_attempt_1UITests.swift in Sources */ = {isa = PBXBuildFile; fileRef = 060DAF4623E9088B00C1BD5A /* Homework_attempt_1UITests.swift */; };
/* End PBXBuildFile section */

/* Begin PBXContainerItemProxy section */
		060DAF3823E9088B00C1BD5A /* PBXContainerItemProxy */ = {
			isa = PBXContainerItemProxy;
			containerPortal = 060DAF1923E9088700C1BD5A /* Project object */;
			proxyType = 1;
			remoteGlobalIDString = 060DAF2023E9088700C1BD5A;
			remoteInfo = "Homework attempt 1";
		};
		060DAF4323E9088B00C1BD5A /* PBXContainerItemProxy */ = {
			isa = PBXContainerItemProxy;
			containerPortal = 060DAF1923E9088700C1BD5A /* Project object */;
			proxyType = 1;
			remoteGlobalIDString = 060DAF2023E9088700C1BD5A;
			remoteInfo = "Homework attempt 1";
		};
/* End PBXContainerItemProxy section */

/* Begin PBXFileReference section */
		060DAF2123E9088700C1BD5A /* Homework attempt 1.app */ = {isa = PBXFileReference; explicitFileType = wrapper.application; includeInIndex = 0; path = "Homework attempt 1.app"; sourceTree = BUILT_PRODUCTS_DIR; };
		060DAF2423E9088700C1BD5A /* AppDelegate.swift */ = {isa = PBXFileReference; lastKnownFileType = sourcecode.swift; path = AppDelegate.swift; sourceTree = "<group>"; };
		060DAF2623E9088700C1BD5A /* SceneDelegate.swift */ = {isa = PBXFileReference; lastKnownFileType = sourcecode.swift; path = SceneDelegate.swift; sourceTree = "<group>"; };
		060DAF2823E9088700C1BD5A /* ViewController.swift */ = {isa = PBXFileReference; lastKnownFileType = sourcecode.swift; path = ViewController.swift; sourceTree = "<group>"; };
		060DAF2B23E9088700C1BD5A /* Base */ = {isa = PBXFileReference; lastKnownFileType = file.storyboard; name = Base; path = Base.lproj/Main.storyboard; sourceTree = "<group>"; };
		060DAF2D23E9088B00C1BD5A /* Assets.xcassets */ = {isa = PBXFileReference; lastKnownFileType = folder.assetcatalog; path = Assets.xcassets; sourceTree = "<group>"; };
		060DAF3023E9088B00C1BD5A /* Base */ = {isa = PBXFileReference; lastKnownFileType = file.storyboard; name = Base; path = Base.lproj/LaunchScreen.storyboard; sourceTree = "<group>"; };
		060DAF3223E9088B00C1BD5A /* Info.plist */ = {isa = PBXFileReference; lastKnownFileType = text.plist.xml; path = Info.plist; sourceTree = "<group>"; };
		060DAF3723E9088B00C1BD5A /* Homework attempt 1Tests.xctest */ = {isa = PBXFileReference; explicitFileType = wrapper.cfbundle; includeInIndex = 0; path = "Homework attempt 1Tests.xctest"; sourceTree = BUILT_PRODUCTS_DIR; };
		060DAF3B23E9088B00C1BD5A /* Homework_attempt_1Tests.swift */ = {isa = PBXFileReference; lastKnownFileType = sourcecode.swift; path = Homework_attempt_1Tests.swift; sourceTree = "<group>"; };
		060DAF3D23E9088B00C1BD5A /* Info.plist */ = {isa = PBXFileReference; lastKnownFileType = text.plist.xml; path = Info.plist; sourceTree = "<group>"; };
		060DAF4223E9088B00C1BD5A /* Homework attempt 1UITests.xctest */ = {isa = PBXFileReference; explicitFileType = wrapper.cfbundle; includeInIndex = 0; path = "Homework attempt 1UITests.xctest"; sourceTree = BUILT_PRODUCTS_DIR; };
		060DAF4623E9088B00C1BD5A /* Homework_attempt_1UITests.swift */ = {isa = PBXFileReference; lastKnownFileType = sourcecode.swift; path = Homework_attempt_1UITests.swift; sourceTree = "<group>"; };
		060DAF4823E9088B00C1BD5A /* Info.plist */ = {isa = PBXFileReference; lastKnownFileType = text.plist.xml; path = Info.plist; sourceTree = "<group>"; };
/* End PBXFileReference section */

/* Begin PBXFrameworksBuildPhase section */
		060DAF1E23E9088700C1BD5A /* Frameworks */ = {
			isa = PBXFrameworksBuildPhase;
			buildActionMask = 2147483647;
			files = (
			);
			runOnlyForDeploymentPostprocessing = 0;
		};
		060DAF3423E9088B00C1BD5A /* Frameworks */ = {
			isa = PBXFrameworksBuildPhase;
			buildActionMask = 2147483647;
			files = (
			);
			runOnlyForDeploymentPostprocessing = 0;
		};
		060DAF3F23E9088B00C1BD5A /* Frameworks */ = {
			isa = PBXFrameworksBuildPhase;
			buildActionMask = 2147483647;
			files = (
			);
			runOnlyForDeploymentPostprocessing = 0;
		};
/* End PBXFrameworksBuildPhase section */

/* Begin PBXGroup section */
		060DAF1823E9088700C1BD5A = {
			isa = PBXGroup;
			children = (
				060DAF2323E9088700C1BD5A /* Homework attempt 1 */,
				060DAF3A23E9088B00C1BD5A /* Homework attempt 1Tests */,
				060DAF4523E9088B00C1BD5A /* Homework attempt 1UITests */,
				060DAF2223E9088700C1BD5A /* Products */,
			);
			sourceTree = "<group>";
		};
		060DAF2223E9088700C1BD5A /* Products */ = {
			isa = PBXGroup;
			children = (
				060DAF2123E9088700C1BD5A /* Homework attempt 1.app */,
				060DAF3723E9088B00C1BD5A /* Homework attempt 1Tests.xctest */,
				060DAF4223E9088B00C1BD5A /* Homework attempt 1UITests.xctest */,
			);
			name = Products;
			sourceTree = "<group>";
		};
		060DAF2323E9088700C1BD5A /* Homework attempt 1 */ = {
			isa = PBXGroup;
			children = (
				060DAF2423E9088700C1BD5A /* AppDelegate.swift */,
				060DAF2623E9088700C1BD5A /* SceneDelegate.swift */,
				060DAF2823E9088700C1BD5A /* ViewController.swift */,
				060DAF2A23E9088700C1BD5A /* Main.storyboard */,
				060DAF2D23E9088B00C1BD5A /* Assets.xcassets */,
				060DAF2F23E9088B00C1BD5A /* LaunchScreen.storyboard */,
				060DAF3223E9088B00C1BD5A /* Info.plist */,
			);
			path = "Homework attempt 1";
			sourceTree = "<group>";
		};
		060DAF3A23E9088B00C1BD5A /* Homework attempt 1Tests */ = {
			isa = PBXGroup;
			children = (
				060DAF3B23E9088B00C1BD5A /* Homework_attempt_1Tests.swift */,
				060DAF3D23E9088B00C1BD5A /* Info.plist */,
			);
			path = "Homework attempt 1Tests";
			sourceTree = "<group>";
		};
		060DAF4523E9088B00C1BD5A /* Homework attempt 1UITests */ = {
			isa = PBXGroup;
			children = (
				060DAF4623E9088B00C1BD5A /* Homework_attempt_1UITests.swift */,
				060DAF4823E9088B00C1BD5A /* Info.plist */,
			);
			path = "Homework attempt 1UITests";
			sourceTree = "<group>";
		};
/* End PBXGroup section */

/* Begin PBXNativeTarget section */
		060DAF2023E9088700C1BD5A /* Homework attempt 1 */ = {
			isa = PBXNativeTarget;
			buildConfigurationList = 060DAF4B23E9088B00C1BD5A /* Build configuration list for PBXNativeTarget "Homework attempt 1" */;
			buildPhases = (
				060DAF1D23E9088700C1BD5A /* Sources */,
				060DAF1E23E9088700C1BD5A /* Frameworks */,
				060DAF1F23E9088700C1BD5A /* Resources */,
			);
			buildRules = (
			);
			dependencies = (
			);
			name = "Homework attempt 1";
			productName = "Homework attempt 1";
			productReference = 060DAF2123E9088700C1BD5A /* Homework attempt 1.app */;
			productType = "com.apple.product-type.application";
		};
		060DAF3623E9088B00C1BD5A /* Homework attempt 1Tests */ = {
			isa = PBXNativeTarget;
			buildConfigurationList = 060DAF4E23E9088B00C1BD5A /* Build configuration list for PBXNativeTarget "Homework attempt 1Tests" */;
			buildPhases = (
				060DAF3323E9088B00C1BD5A /* Sources */,
				060DAF3423E9088B00C1BD5A /* Frameworks */,
				060DAF3523E9088B00C1BD5A /* Resources */,
			);
			buildRules = (
			);
			dependencies = (
				060DAF3923E9088B00C1BD5A /* PBXTargetDependency */,
			);
			name = "Homework attempt 1Tests";
			productName = "Homework attempt 1Tests";
			productReference = 060DAF3723E9088B00C1BD5A /* Homework attempt 1Tests.xctest */;
			productType = "com.apple.product-type.bundle.unit-test";
		};
		060DAF4123E9088B00C1BD5A /* Homework attempt 1UITests */ = {
			isa = PBXNativeTarget;
			buildConfigurationList = 060DAF5123E9088B00C1BD5A /* Build configuration list for PBXNativeTarget "Homework attempt 1UITests" */;
			buildPhases = (
				060DAF3E23E9088B00C1BD5A /* Sources */,
				060DAF3F23E9088B00C1BD5A /* Frameworks */,
				060DAF4023E9088B00C1BD5A /* Resources */,
			);
			buildRules = (
			);
			dependencies = (
				060DAF4423E9088B00C1BD5A /* PBXTargetDependency */,
			);
			name = "Homework attempt 1UITests";
			productName = "Homework attempt 1UITests";
			productReference = 060DAF4223E9088B00C1BD5A /* Homework attempt 1UITests.xctest */;
			productType = "com.apple.product-type.bundle.ui-testing";
		};
/* End PBXNativeTarget section */

/* Begin PBXProject section */
		060DAF1923E9088700C1BD5A /* Project object */ = {
			isa = PBXProject;
			attributes = {
				LastSwiftUpdateCheck = 1130;
				LastUpgradeCheck = 1130;
				ORGANIZATIONNAME = "Jake McCormick";
				TargetAttributes = {
					060DAF2023E9088700C1BD5A = {
						CreatedOnToolsVersion = 11.3.1;
					};
					060DAF3623E9088B00C1BD5A = {
						CreatedOnToolsVersion = 11.3.1;
						TestTargetID = 060DAF2023E9088700C1BD5A;
					};
					060DAF4123E9088B00C1BD5A = {
						CreatedOnToolsVersion = 11.3.1;
						TestTargetID = 060DAF2023E9088700C1BD5A;
					};
				};
			};
			buildConfigurationList = 060DAF1C23E9088700C1BD5A /* Build configuration list for PBXProject "Homework attempt 1" */;
			compatibilityVersion = "Xcode 9.3";
			developmentRegion = en;
			hasScannedForEncodings = 0;
			knownRegions = (
				en,
				Base,
			);
			mainGroup = 060DAF1823E9088700C1BD5A;
			productRefGroup = 060DAF2223E9088700C1BD5A /* Products */;
			projectDirPath = "";
			projectRoot = "";
			targets = (
				060DAF2023E9088700C1BD5A /* Homework attempt 1 */,
				060DAF3623E9088B00C1BD5A /* Homework attempt 1Tests */,
				060DAF4123E9088B00C1BD5A /* Homework attempt 1UITests */,
			);
		};
/* End PBXProject section */

/* Begin PBXResourcesBuildPhase section */
		060DAF1F23E9088700C1BD5A /* Resources */ = {
			isa = PBXResourcesBuildPhase;
			buildActionMask = 2147483647;
			files = (
				060DAF3123E9088B00C1BD5A /* LaunchScreen.storyboard in Resources */,
				060DAF2E23E9088B00C1BD5A /* Assets.xcassets in Resources */,
				060DAF2C23E9088700C1BD5A /* Main.storyboard in Resources */,
			);
			runOnlyForDeploymentPostprocessing = 0;
		};
		060DAF3523E9088B00C1BD5A /* Resources */ = {
			isa = PBXResourcesBuildPhase;
			buildActionMask = 2147483647;
			files = (
			);
			runOnlyForDeploymentPostprocessing = 0;
		};
		060DAF4023E9088B00C1BD5A /* Resources */ = {
			isa = PBXResourcesBuildPhase;
			buildActionMask = 2147483647;
			files = (
			);
			runOnlyForDeploymentPostprocessing = 0;
		};
/* End PBXResourcesBuildPhase section */

/* Begin PBXSourcesBuildPhase section */
		060DAF1D23E9088700C1BD5A /* Sources */ = {
			isa = PBXSourcesBuildPhase;
			buildActionMask = 2147483647;
			files = (
				060DAF2923E9088700C1BD5A /* ViewController.swift in Sources */,
				060DAF2523E9088700C1BD5A /* AppDelegate.swift in Sources */,
				060DAF2723E9088700C1BD5A /* SceneDelegate.swift in Sources */,
			);
			runOnlyForDeploymentPostprocessing = 0;
		};
		060DAF3323E9088B00C1BD5A /* Sources */ = {
			isa = PBXSourcesBuildPhase;
			buildActionMask = 2147483647;
			files = (
				060DAF3C23E9088B00C1BD5A /* Homework_attempt_1Tests.swift in Sources */,
			);
			runOnlyForDeploymentPostprocessing = 0;
		};
		060DAF3E23E9088B00C1BD5A /* Sources */ = {
			isa = PBXSourcesBuildPhase;
			buildActionMask = 2147483647;
			files = (
				060DAF4723E9088B00C1BD5A /* Homework_attempt_1UITests.swift in Sources */,
			);
			runOnlyForDeploymentPostprocessing = 0;
		};
/* End PBXSourcesBuildPhase section */

/* Begin PBXTargetDependency section */
		060DAF3923E9088B00C1BD5A /* PBXTargetDependency */ = {
			isa = PBXTargetDependency;
			target = 060DAF2023E9088700C1BD5A /* Homework attempt 1 */;
			targetProxy = 060DAF3823E9088B00C1BD5A /* PBXContainerItemProxy */;
		};
		060DAF4423E9088B00C1BD5A /* PBXTargetDependency */ = {
			isa = PBXTargetDependency;
			target = 060DAF2023E9088700C1BD5A /* Homework attempt 1 */;
			targetProxy = 060DAF4323E9088B00C1BD5A /* PBXContainerItemProxy */;
		};
/* End PBXTargetDependency section */

/* Begin PBXVariantGroup section */
		060DAF2A23E9088700C1BD5A /* Main.storyboard */ = {
			isa = PBXVariantGroup;
			children = (
				060DAF2B23E9088700C1BD5A /* Base */,
			);
			name = Main.storyboard;
			sourceTree = "<group>";
		};
		060DAF2F23E9088B00C1BD5A /* LaunchScreen.storyboard */ = {
			isa = PBXVariantGroup;
			children = (
				060DAF3023E9088B00C1BD5A /* Base */,
			);
			name = LaunchScreen.storyboard;
			sourceTree = "<group>";
		};
/* End PBXVariantGroup section */

/* Begin XCBuildConfiguration section */
		060DAF4923E9088B00C1BD5A /* Debug */ = {
			isa = XCBuildConfiguration;
			buildSettings = {
				ALWAYS_SEARCH_USER_PATHS = NO;
				CLANG_ANALYZER_NONNULL = YES;
				CLANG_ANALYZER_NUMBER_OBJECT_CONVERSION = YES_AGGRESSIVE;
				CLANG_CXX_LANGUAGE_STANDARD = "gnu++14";
				CLANG_CXX_LIBRARY = "libc++";
				CLANG_ENABLE_MODULES = YES;
				CLANG_ENABLE_OBJC_ARC = YES;
				CLANG_ENABLE_OBJC_WEAK = YES;
				CLANG_WARN_BLOCK_CAPTURE_AUTORELEASING = YES;
				CLANG_WARN_BOOL_CONVERSION = YES;
				CLANG_WARN_COMMA = YES;
				CLANG_WARN_CONSTANT_CONVERSION = YES;
				CLANG_WARN_DEPRECATED_OBJC_IMPLEMENTATIONS = YES;
				CLANG_WARN_DIRECT_OBJC_ISA_USAGE = YES_ERROR;
				CLANG_WARN_DOCUMENTATION_COMMENTS = YES;
				CLANG_WARN_EMPTY_BODY = YES;
				CLANG_WARN_ENUM_CONVERSION = YES;
				CLANG_WARN_INFINITE_RECURSION = YES;
				CLANG_WARN_INT_CONVERSION = YES;
				CLANG_WARN_NON_LITERAL_NULL_CONVERSION = YES;
				CLANG_WARN_OBJC_IMPLICIT_RETAIN_SELF = YES;
				CLANG_WARN_OBJC_LITERAL_CONVERSION = YES;
				CLANG_WARN_OBJC_ROOT_CLASS = YES_ERROR;
				CLANG_WARN_RANGE_LOOP_ANALYSIS = YES;
				CLANG_WARN_STRICT_PROTOTYPES = YES;
				CLANG_WARN_SUSPICIOUS_MOVE = YES;
				CLANG_WARN_UNGUARDED_AVAILABILITY = YES_AGGRESSIVE;
				CLANG_WARN_UNREACHABLE_CODE = YES;
				CLANG_WARN__DUPLICATE_METHOD_MATCH = YES;
				COPY_PHASE_STRIP = NO;
				DEBUG_INFORMATION_FORMAT = dwarf;
				ENABLE_STRICT_OBJC_MSGSEND = YES;
				ENABLE_TESTABILITY = YES;
				GCC_C_LANGUAGE_STANDARD = gnu11;
				GCC_DYNAMIC_NO_PIC = NO;
				GCC_NO_COMMON_BLOCKS = YES;
				GCC_OPTIMIZATION_LEVEL = 0;
				GCC_PREPROCESSOR_DEFINITIONS = (
					"DEBUG=1",
					"$(inherited)",
				);
				GCC_WARN_64_TO_32_BIT_CONVERSION = YES;
				GCC_WARN_ABOUT_RETURN_TYPE = YES_ERROR;
				GCC_WARN_UNDECLARED_SELECTOR = YES;
				GCC_WARN_UNINITIALIZED_AUTOS = YES_AGGRESSIVE;
				GCC_WARN_UNUSED_FUNCTION = YES;
				GCC_WARN_UNUSED_VARIABLE = YES;
				IPHONEOS_DEPLOYMENT_TARGET = 13.2;
				MTL_ENABLE_DEBUG_INFO = INCLUDE_SOURCE;
				MTL_FAST_MATH = YES;
				ONLY_ACTIVE_ARCH = YES;
				SDKROOT = iphoneos;
				SWIFT_ACTIVE_COMPILATION_CONDITIONS = DEBUG;
				SWIFT_OPTIMIZATION_LEVEL = "-Onone";
			};
			name = Debug;
		};
		060DAF4A23E9088B00C1BD5A /* Release */ = {
			isa = XCBuildConfiguration;
			buildSettings = {
				ALWAYS_SEARCH_USER_PATHS = NO;
				CLANG_ANALYZER_NONNULL = YES;
				CLANG_ANALYZER_NUMBER_OBJECT_CONVERSION = YES_AGGRESSIVE;
				CLANG_CXX_LANGUAGE_STANDARD = "gnu++14";
				CLANG_CXX_LIBRARY = "libc++";
				CLANG_ENABLE_MODULES = YES;
				CLANG_ENABLE_OBJC_ARC = YES;
				CLANG_ENABLE_OBJC_WEAK = YES;
				CLANG_WARN_BLOCK_CAPTURE_AUTORELEASING = YES;
				CLANG_WARN_BOOL_CONVERSION = YES;
				CLANG_WARN_COMMA = YES;
				CLANG_WARN_CONSTANT_CONVERSION = YES;
				CLANG_WARN_DEPRECATED_OBJC_IMPLEMENTATIONS = YES;
				CLANG_WARN_DIRECT_OBJC_ISA_USAGE = YES_ERROR;
				CLANG_WARN_DOCUMENTATION_COMMENTS = YES;
				CLANG_WARN_EMPTY_BODY = YES;
				CLANG_WARN_ENUM_CONVERSION = YES;
				CLANG_WARN_INFINITE_RECURSION = YES;
				CLANG_WARN_INT_CONVERSION = YES;
				CLANG_WARN_NON_LITERAL_NULL_CONVERSION = YES;
				CLANG_WARN_OBJC_IMPLICIT_RETAIN_SELF = YES;
				CLANG_WARN_OBJC_LITERAL_CONVERSION = YES;
				CLANG_WARN_OBJC_ROOT_CLASS = YES_ERROR;
				CLANG_WARN_RANGE_LOOP_ANALYSIS = YES;
				CLANG_WARN_STRICT_PROTOTYPES = YES;
				CLANG_WARN_SUSPICIOUS_MOVE = YES;
				CLANG_WARN_UNGUARDED_AVAILABILITY = YES_AGGRESSIVE;
				CLANG_WARN_UNREACHABLE_CODE = YES;
				CLANG_WARN__DUPLICATE_METHOD_MATCH = YES;
				COPY_PHASE_STRIP = NO;
				DEBUG_INFORMATION_FORMAT = "dwarf-with-dsym";
				ENABLE_NS_ASSERTIONS = NO;
				ENABLE_STRICT_OBJC_MSGSEND = YES;
				GCC_C_LANGUAGE_STANDARD = gnu11;
				GCC_NO_COMMON_BLOCKS = YES;
				GCC_WARN_64_TO_32_BIT_CONVERSION = YES;
				GCC_WARN_ABOUT_RETURN_TYPE = YES_ERROR;
				GCC_WARN_UNDECLARED_SELECTOR = YES;
				GCC_WARN_UNINITIALIZED_AUTOS = YES_AGGRESSIVE;
				GCC_WARN_UNUSED_FUNCTION = YES;
				GCC_WARN_UNUSED_VARIABLE = YES;
				IPHONEOS_DEPLOYMENT_TARGET = 13.2;
				MTL_ENABLE_DEBUG_INFO = NO;
				MTL_FAST_MATH = YES;
				SDKROOT = iphoneos;
				SWIFT_COMPILATION_MODE = wholemodule;
				SWIFT_OPTIMIZATION_LEVEL = "-O";
				VALIDATE_PRODUCT = YES;
			};
			name = Release;
		};
		060DAF4C23E9088B00C1BD5A /* Debug */ = {
			isa = XCBuildConfiguration;
			buildSettings = {
				ASSETCATALOG_COMPILER_APPICON_NAME = AppIcon;
				CODE_SIGN_STYLE = Automatic;
				INFOPLIST_FILE = "Homework attempt 1/Info.plist";
				LD_RUNPATH_SEARCH_PATHS = (
					"$(inherited)",
					"@executable_path/Frameworks",
				);
				PRODUCT_BUNDLE_IDENTIFIER = "mccormick.com.Homework-attempt-1";
				PRODUCT_NAME = "$(TARGET_NAME)";
				SWIFT_VERSION = 5.0;
				TARGETED_DEVICE_FAMILY = "1,2";
			};
			name = Debug;
		};
		060DAF4D23E9088B00C1BD5A /* Release */ = {
			isa = XCBuildConfiguration;
			buildSettings = {
				ASSETCATALOG_COMPILER_APPICON_NAME = AppIcon;
				CODE_SIGN_STYLE = Automatic;
				INFOPLIST_FILE = "Homework attempt 1/Info.plist";
				LD_RUNPATH_SEARCH_PATHS = (
					"$(inherited)",
					"@executable_path/Frameworks",
				);
				PRODUCT_BUNDLE_IDENTIFIER = "mccormick.com.Homework-attempt-1";
				PRODUCT_NAME = "$(TARGET_NAME)";
				SWIFT_VERSION = 5.0;
				TARGETED_DEVICE_FAMILY = "1,2";
			};
			name = Release;
		};
		060DAF4F23E9088B00C1BD5A /* Debug */ = {
			isa = XCBuildConfiguration;
			buildSettings = {
				ALWAYS_EMBED_SWIFT_STANDARD_LIBRARIES = YES;
				BUNDLE_LOADER = "$(TEST_HOST)";
				CODE_SIGN_STYLE = Automatic;
				INFOPLIST_FILE = "Homework attempt 1Tests/Info.plist";
				IPHONEOS_DEPLOYMENT_TARGET = 13.2;
				LD_RUNPATH_SEARCH_PATHS = (
					"$(inherited)",
					"@executable_path/Frameworks",
					"@loader_path/Frameworks",
				);
				PRODUCT_BUNDLE_IDENTIFIER = "mccormick.com.Homework-attempt-1Tests";
				PRODUCT_NAME = "$(TARGET_NAME)";
				SWIFT_VERSION = 5.0;
				TARGETED_DEVICE_FAMILY = "1,2";
				TEST_HOST = "$(BUILT_PRODUCTS_DIR)/Homework attempt 1.app/Homework attempt 1";
			};
			name = Debug;
		};
		060DAF5023E9088B00C1BD5A /* Release */ = {
			isa = XCBuildConfiguration;
			buildSettings = {
				ALWAYS_EMBED_SWIFT_STANDARD_LIBRARIES = YES;
				BUNDLE_LOADER = "$(TEST_HOST)";
				CODE_SIGN_STYLE = Automatic;
				INFOPLIST_FILE = "Homework attempt 1Tests/Info.plist";
				IPHONEOS_DEPLOYMENT_TARGET = 13.2;
				LD_RUNPATH_SEARCH_PATHS = (
					"$(inherited)",
					"@executable_path/Frameworks",
					"@loader_path/Frameworks",
				);
				PRODUCT_BUNDLE_IDENTIFIER = "mccormick.com.Homework-attempt-1Tests";
				PRODUCT_NAME = "$(TARGET_NAME)";
				SWIFT_VERSION = 5.0;
				TARGETED_DEVICE_FAMILY = "1,2";
				TEST_HOST = "$(BUILT_PRODUCTS_DIR)/Homework attempt 1.app/Homework attempt 1";
			};
			name = Release;
		};
		060DAF5223E9088B00C1BD5A /* Debug */ = {
			isa = XCBuildConfiguration;
			buildSettings = {
				ALWAYS_EMBED_SWIFT_STANDARD_LIBRARIES = YES;
				CODE_SIGN_STYLE = Automatic;
				INFOPLIST_FILE = "Homework attempt 1UITests/Info.plist";
				LD_RUNPATH_SEARCH_PATHS = (
					"$(inherited)",
					"@executable_path/Frameworks",
					"@loader_path/Frameworks",
				);
				PRODUCT_BUNDLE_IDENTIFIER = "mccormick.com.Homework-attempt-1UITests";
				PRODUCT_NAME = "$(TARGET_NAME)";
				SWIFT_VERSION = 5.0;
				TARGETED_DEVICE_FAMILY = "1,2";
				TEST_TARGET_NAME = "Homework attempt 1";
			};
			name = Debug;
		};
		060DAF5323E9088B00C1BD5A /* Release */ = {
			isa = XCBuildConfiguration;
			buildSettings = {
				ALWAYS_EMBED_SWIFT_STANDARD_LIBRARIES = YES;
				CODE_SIGN_STYLE = Automatic;
				INFOPLIST_FILE = "Homework attempt 1UITests/Info.plist";
				LD_RUNPATH_SEARCH_PATHS = (
					"$(inherited)",
					"@executable_path/Frameworks",
					"@loader_path/Frameworks",
				);
				PRODUCT_BUNDLE_IDENTIFIER = "mccormick.com.Homework-attempt-1UITests";
				PRODUCT_NAME = "$(TARGET_NAME)";
				SWIFT_VERSION = 5.0;
				TARGETED_DEVICE_FAMILY = "1,2";
				TEST_TARGET_NAME = "Homework attempt 1";
			};
			name = Release;
		};
/* End XCBuildConfiguration section */

/* Begin XCConfigurationList section */
		060DAF1C23E9088700C1BD5A /* Build configuration list for PBXProject "Homework attempt 1" */ = {
			isa = XCConfigurationList;
			buildConfigurations = (
				060DAF4923E9088B00C1BD5A /* Debug */,
				060DAF4A23E9088B00C1BD5A /* Release */,
			);
			defaultConfigurationIsVisible = 0;
			defaultConfigurationName = Release;
		};
		060DAF4B23E9088B00C1BD5A /* Build configuration list for PBXNativeTarget "Homework attempt 1" */ = {
			isa = XCConfigurationList;
			buildConfigurations = (
				060DAF4C23E9088B00C1BD5A /* Debug */,
				060DAF4D23E9088B00C1BD5A /* Release */,
			);
			defaultConfigurationIsVisible = 0;
			defaultConfigurationName = Release;
		};
		060DAF4E23E9088B00C1BD5A /* Build configuration list for PBXNativeTarget "Homework attempt 1Tests" */ = {
			isa = XCConfigurationList;
			buildConfigurations = (
				060DAF4F23E9088B00C1BD5A /* Debug */,
				060DAF5023E9088B00C1BD5A /* Release */,
			);
			defaultConfigurationIsVisible = 0;
			defaultConfigurationName = Release;
		};
		060DAF5123E9088B00C1BD5A /* Build configuration list for PBXNativeTarget "Homework attempt 1UITests" */ = {
			isa = XCConfigurationList;
			buildConfigurations = (
				060DAF5223E9088B00C1BD5A /* Debug */,
				060DAF5323E9088B00C1BD5A /* Release */,
			);
			defaultConfigurationIsVisible = 0;
			defaultConfigurationName = Release;
		};
/* End XCConfigurationList section */
	};
	rootObject = 060DAF1923E9088700C1BD5A /* Project object */;
}
